
Microsoft Visual Studio Solution File, Format Version 12.00
# Visual Studio Version 17
VisualStudioVersion = 17.5.002.0
MinimumVisualStudioVersion = 10.0.40219.1
Project("{9A19103F-16F7-4668-BE54-9A1E7A4F7556}") = "FileDetails", "FileDetails3\FileDetails.csproj", "{ECDF7B64-87D0-4950-B55C-A27AAB8EAAD3}"
EndProject
Project("{9A19103F-16F7-4668-BE54-9A1E7A4F7556}") = "FileDetails (1)", "FileDetails2\FileDetails.csproj", "{B4A92EC1-069D-41C7-9574-0D35FF836348}"
EndProject
Project("{9A19103F-16F7-4668-BE54-9A1E7A4F7556}") = "FileDetails (2)", "FileDetails1\FileDetails.csproj", "{3FAD54FD-0B57-4FFE-9455-03564037CCA6}"
EndProject
Global
	GlobalSection(SolutionConfigurationPlatforms) = preSolution
		Debug|Any CPU = Debug|Any CPU
		Release|Any CPU = Release|Any CPU
	EndGlobalSection
	GlobalSection(ProjectConfigurationPlatforms) = postSolution
		{ECDF7B64-87D0-4950-B55C-A27AAB8EAAD3}.Debug|Any CPU.ActiveCfg = Debug|Any CPU
		{ECDF7B64-87D0-4950-B55C-A27AAB8EAAD3}.Debug|Any CPU.Build.0 = Debug|Any CPU
		{ECDF7B64-87D0-4950-B55C-A27AAB8EAAD3}.Release|Any CPU.ActiveCfg = Release|Any CPU
		{ECDF7B64-87D0-4950-B55C-A27AAB8EAAD3}.Release|Any CPU.Build.0 = Release|Any CPU
		{B4A92EC1-069D-41C7-9574-0D35FF836348}.Debug|Any CPU.ActiveCfg = Debug|Any CPU
		{B4A92EC1-069D-41C7-9574-0D35FF836348}.Debug|Any CPU.Build.0 = Debug|Any CPU
		{B4A92EC1-069D-41C7-9574-0D35FF836348}.Release|Any CPU.ActiveCfg = Release|Any CPU
		{B4A92EC1-069D-41C7-9574-0D35FF836348}.Release|Any CPU.Build.0 = Release|Any CPU
		{3FAD54FD-0B57-4FFE-9455-03564037CCA6}.Debug|Any CPU.ActiveCfg = Debug|Any CPU
		{3FAD54FD-0B57-4FFE-9455-03564037CCA6}.Debug|Any CPU.Build.0 = Debug|Any CPU
		{3FAD54FD-0B57-4FFE-9455-03564037CCA6}.Release|Any CPU.ActiveCfg = Release|Any CPU
		{3FAD54FD-0B57-4FFE-9455-03564037CCA6}.Release|Any CPU.Build.0 = Release|Any CPU
	EndGlobalSection
	GlobalSection(SolutionProperties) = preSolution
		HideSolutionNode = FALSE
	EndGlobalSection
	GlobalSection(ExtensibilityGlobals) = postSolution
		SolutionGuid = {23A4E3A0-9FCA-4744-9198-D37C945709EC}
	EndGlobalSection
EndGlobal
