
Microsoft Visual Studio Solution File, Format Version 12.00
# Visual Studio Version 17
VisualStudioVersion = 17.5.002.0
MinimumVisualStudioVersion = 10.0.40219.1
Project("{9A19103F-16F7-4668-BE54-9A1E7A4F7556}") = "FileDetails", "FileDetails.csproj", "{04070B46-1EC4-4350-B80A-9394403C14EF}"
EndProject
Global
	GlobalSection(SolutionConfigurationPlatforms) = preSolution
		Debug|Any CPU = Debug|Any CPU
		Release|Any CPU = Release|Any CPU
	EndGlobalSection
	GlobalSection(ProjectConfigurationPlatforms) = postSolution
		{04070B46-1EC4-4350-B80A-9394403C14EF}.Debug|Any CPU.ActiveCfg = Debug|Any CPU
		{04070B46-1EC4-4350-B80A-9394403C14EF}.Debug|Any CPU.Build.0 = Debug|Any CPU
		{04070B46-1EC4-4350-B80A-9394403C14EF}.Release|Any CPU.ActiveCfg = Release|Any CPU
		{04070B46-1EC4-4350-B80A-9394403C14EF}.Release|Any CPU.Build.0 = Release|Any CPU
	EndGlobalSection
	GlobalSection(SolutionProperties) = preSolution
		HideSolutionNode = FALSE
	EndGlobalSection
	GlobalSection(ExtensibilityGlobals) = postSolution
		SolutionGuid = {499853BF-0A48-4ED3-BECF-2625B33A4986}
	EndGlobalSection
EndGlobal
